{
  "nodes": {
    "flake-utils": {
      "locked": {
        "lastModified": 1629481132,
        "narHash": "sha256-JHgasjPR0/J1J3DRm4KxM4zTyAj4IOJY8vIl75v/kPI=",
        "owner": "numtide",
        "repo": "flake-utils",
        "rev": "997f7efcb746a9c140ce1f13c72263189225f482",
        "type": "github"
      },
      "original": {
        "owner": "numtide",
        "repo": "flake-utils",
        "type": "github"
      }
    },
    "home-manager": {
      "inputs": {
        "nixpkgs": [
          "nixpkgs"
        ]
      },
      "locked": {
        "lastModified": 1642882610,
        "narHash": "sha256-pmdgeJ9v6y+T0UfNQ/Z+Hdv5tPshFFra5JLF/byUA/Y=",
        "owner": "nix-community",
        "repo": "home-manager",
        "rev": "c47c350f6518ed39c2a16e4fadf9137b6c559ddc",
        "type": "github"
      },
      "original": {
        "owner": "nix-community",
        "ref": "master",
        "repo": "home-manager",
        "type": "github"
      }
    },
    "neovim-git": {
      "inputs": {
        "flake-utils": "flake-utils",
        "nixpkgs": "nixpkgs"
      },
      "locked": {
        "dir": "contrib",
        "lastModified": 1642873154,
        "narHash": "sha256-LsDE12a94wV+N13yJnyheAWeM8Bu4IB9INSIw3BLrpQ=",
        "owner": "neovim",
        "repo": "neovim",
        "rev": "7717f38d3f81cc739ef2b37829558d3d9eba9591",
        "type": "github"
      },
      "original": {
        "dir": "contrib",
        "owner": "neovim",
        "repo": "neovim",
        "type": "github"
      }
    },
    "nixpkgs": {
      "locked": {
        "lastModified": 1630074300,
        "narHash": "sha256-BFM7OiXRs0RvSUZd6NCGAKWVPn3VodgYQ4TUQXxbMBU=",
        "owner": "nixos",
        "repo": "nixpkgs",
        "rev": "21c937f8cb1e6adcfeb36dfd6c90d9d9bfab1d28",
        "type": "github"
      },
      "original": {
        "owner": "nixos",
        "ref": "nixos-unstable",
        "repo": "nixpkgs",
        "type": "github"
      }
    },
    "nixpkgs-unstable": {
      "locked": {
        "lastModified": 1642909347,
        "narHash": "sha256-S6yg5kwTsyhEmq44cKGtA8jy9Z21Hq6m2IIz6XoqJNE=",
        "owner": "NixOS",
        "repo": "nixpkgs",
        "rev": "22eff4f912947a7db3c07e5b319e211c33e39957",
        "type": "github"
      },
      "original": {
        "id": "nixpkgs",
        "ref": "master",
        "type": "indirect"
      }
    },
    "nixpkgs_2": {
      "locked": {
        "lastModified": 1642814535,
        "narHash": "sha256-FKX6vDo4MeE/QpWvCrPFQBkwzj2zYxUR5QR/9RTSFEo=",
        "owner": "NixOS",
        "repo": "nixpkgs",
        "rev": "fc4148a47fa927319186061aa42633c8aa5777f1",
        "type": "github"
      },
      "original": {
        "id": "nixpkgs",
        "ref": "nixos-unstable",
        "type": "indirect"
      }
    },
    "root": {
      "inputs": {
        "home-manager": "home-manager",
        "neovim-git": "neovim-git",
        "nixpkgs": "nixpkgs_2",
        "nixpkgs-unstable": "nixpkgs-unstable"
      }
    }
  },
  "root": "root",
  "version": 7
}
