{
  "nodes": {
    "home-manager": {
      "inputs": {
        "nixpkgs": [
          "nixpkgs"
        ]
      },
      "locked": {
        "lastModified": 1630076227,
        "narHash": "sha256-p3YdtqSPLnMudWsLMgd6XMEhQKB2oz1hvDkHtOlz5/Q=",
        "owner": "nix-community",
        "repo": "home-manager",
        "rev": "f5adb9be829f487f99bcc0f1884f74ddb85f70c8",
        "type": "github"
      },
      "original": {
        "owner": "nix-community",
        "ref": "release-21.05",
        "repo": "home-manager",
        "type": "github"
      }
    },
    "nixpkgs": {
      "locked": {
        "lastModified": 1629975973,
        "narHash": "sha256-ziVq6UO408cfvVSjsjdctaRw/hatrCD/vlOtXdkvWcM=",
        "owner": "NixOS",
        "repo": "nixpkgs",
        "rev": "9d6766c0f0b3b03bd63ffc08b2e23e476145719d",
        "type": "github"
      },
      "original": {
        "id": "nixpkgs",
        "ref": "nixos-21.05",
        "type": "indirect"
      }
    },
    "root": {
      "inputs": {
        "home-manager": "home-manager",
        "nixpkgs": "nixpkgs"
      }
    }
  },
  "root": "root",
  "version": 7
}
