{
  "nodes": {
    "emacs-overlay": {
      "locked": {
        "lastModified": 1639025624,
        "narHash": "sha256-DOmrjq8KjvUyDHnc1eOrvs7CaS28aAqGr9I3ZM+oRvQ=",
        "owner": "nix-community",
        "repo": "emacs-overlay",
        "rev": "49664259ab857d3453948f5007f125ce95008966",
        "type": "github"
      },
      "original": {
        "owner": "nix-community",
        "repo": "emacs-overlay",
        "type": "github"
      }
    },
    "flake-utils": {
      "locked": {
        "lastModified": 1629481132,
        "narHash": "sha256-JHgasjPR0/J1J3DRm4KxM4zTyAj4IOJY8vIl75v/kPI=",
        "owner": "numtide",
        "repo": "flake-utils",
        "rev": "997f7efcb746a9c140ce1f13c72263189225f482",
        "type": "github"
      },
      "original": {
        "owner": "numtide",
        "repo": "flake-utils",
        "type": "github"
      }
    },
    "home-manager": {
      "inputs": {
        "nixpkgs": [
          "nixpkgs"
        ]
      },
      "locked": {
        "lastModified": 1638959036,
        "narHash": "sha256-d75Ow/rV3nq4penfTJz9H3/OlIHttoKoJUDEfink/8k=",
        "owner": "nix-community",
        "repo": "home-manager",
        "rev": "829e89a16f4f96428d1b94e68d4c06107b5491c0",
        "type": "github"
      },
      "original": {
        "owner": "nix-community",
        "ref": "master",
        "repo": "home-manager",
        "type": "github"
      }
    },
    "neovim-git": {
      "inputs": {
        "flake-utils": "flake-utils",
        "nixpkgs": "nixpkgs"
      },
      "locked": {
        "dir": "contrib",
        "lastModified": 1639023227,
        "narHash": "sha256-TCW5cAb7NW+cwdd+4+0CZrBc+bTvWIDrSCHS905eidY=",
        "owner": "neovim",
        "repo": "neovim",
        "rev": "6063e07a0f50855f3e8fad38f04cd1d7f6535443",
        "type": "github"
      },
      "original": {
        "dir": "contrib",
        "owner": "neovim",
        "repo": "neovim",
        "type": "github"
      }
    },
    "nixpkgs": {
      "locked": {
        "lastModified": 1630074300,
        "narHash": "sha256-BFM7OiXRs0RvSUZd6NCGAKWVPn3VodgYQ4TUQXxbMBU=",
        "owner": "nixos",
        "repo": "nixpkgs",
        "rev": "21c937f8cb1e6adcfeb36dfd6c90d9d9bfab1d28",
        "type": "github"
      },
      "original": {
        "owner": "nixos",
        "ref": "nixos-unstable",
        "repo": "nixpkgs",
        "type": "github"
      }
    },
    "nixpkgs-unstable": {
      "locked": {
        "lastModified": 1639045328,
        "narHash": "sha256-qUrDvUO3M6mlY2aFTgKrmxrW9gV+oumfBj8TEIYlNmI=",
        "owner": "NixOS",
        "repo": "nixpkgs",
        "rev": "a8b036717fd9d01ac4a7492824ddecf4411e5da1",
        "type": "github"
      },
      "original": {
        "id": "nixpkgs",
        "ref": "master",
        "type": "indirect"
      }
    },
    "nixpkgs_2": {
      "locked": {
        "lastModified": 1638806821,
        "narHash": "sha256-v2qd2Bsmzft53s43eCbN+4ocrLksRdFLyF/MAGuWuDA=",
        "owner": "NixOS",
        "repo": "nixpkgs",
        "rev": "bc5d68306b40b8522ffb69ba6cff91898c2fbbff",
        "type": "github"
      },
      "original": {
        "id": "nixpkgs",
        "ref": "nixos-unstable",
        "type": "indirect"
      }
    },
    "root": {
      "inputs": {
        "emacs-overlay": "emacs-overlay",
        "home-manager": "home-manager",
        "neovim-git": "neovim-git",
        "nixpkgs": "nixpkgs_2",
        "nixpkgs-unstable": "nixpkgs-unstable"
      }
    }
  },
  "root": "root",
  "version": 7
}
